
Microsoft Visual Studio Solution File, Format Version 12.00
# Visual Studio Version 16
VisualStudioVersion = 16.0.29911.84
MinimumVisualStudioVersion = 10.0.40219.1
Project("{FAE04EC0-301F-11D3-BF4B-00C04F79EFBC}") = "beadando", "beadando\beadando.csproj", "{1998CC0C-2176-4BD0-BF30-242EFC8CEEF7}"
EndProject
Global
	GlobalSection(SolutionConfigurationPlatforms) = preSolution
		Debug|Any CPU = Debug|Any CPU
		Release|Any CPU = Release|Any CPU
	EndGlobalSection
	GlobalSection(ProjectConfigurationPlatforms) = postSolution
		{1998CC0C-2176-4BD0-BF30-242EFC8CEEF7}.Debug|Any CPU.ActiveCfg = Debug|Any CPU
		{1998CC0C-2176-4BD0-BF30-242EFC8CEEF7}.Debug|Any CPU.Build.0 = Debug|Any CPU
		{1998CC0C-2176-4BD0-BF30-242EFC8CEEF7}.Release|Any CPU.ActiveCfg = Release|Any CPU
		{1998CC0C-2176-4BD0-BF30-242EFC8CEEF7}.Release|Any CPU.Build.0 = Release|Any CPU
	EndGlobalSection
	GlobalSection(SolutionProperties) = preSolution
		HideSolutionNode = FALSE
	EndGlobalSection
	GlobalSection(ExtensibilityGlobals) = postSolution
		SolutionGuid = {38437300-E881-4372-B9E9-CEE98C3B34B7}
	EndGlobalSection
EndGlobal
